
Microsoft Visual Studio Solution File, Format Version 12.00
# Visual Studio Version 17
VisualStudioVersion = 17.14.36429.23 d17.14
MinimumVisualStudioVersion = 10.0.40219.1
Project("{FAE04EC0-301F-11D3-BF4B-00C04F79EFBC}") = "methodoverload2", "methodoverload2\methodoverload2.csproj", "{36B5F3D4-135C-434F-9D67-EB22E4F5CBD0}"
EndProject
Global
	GlobalSection(SolutionConfigurationPlatforms) = preSolution
		Debug|Any CPU = Debug|Any CPU
		Release|Any CPU = Release|Any CPU
	EndGlobalSection
	GlobalSection(ProjectConfigurationPlatforms) = postSolution
		{36B5F3D4-135C-434F-9D67-EB22E4F5CBD0}.Debug|Any CPU.ActiveCfg = Debug|Any CPU
		{36B5F3D4-135C-434F-9D67-EB22E4F5CBD0}.Debug|Any CPU.Build.0 = Debug|Any CPU
		{36B5F3D4-135C-434F-9D67-EB22E4F5CBD0}.Release|Any CPU.ActiveCfg = Release|Any CPU
		{36B5F3D4-135C-434F-9D67-EB22E4F5CBD0}.Release|Any CPU.Build.0 = Release|Any CPU
	EndGlobalSection
	GlobalSection(SolutionProperties) = preSolution
		HideSolutionNode = FALSE
	EndGlobalSection
	GlobalSection(ExtensibilityGlobals) = postSolution
		SolutionGuid = {494A202F-9154-4327-BE89-2AE6D4405D03}
	EndGlobalSection
EndGlobal
